
Microsoft Visual Studio Solution File, Format Version 12.00
# Visual Studio 15
VisualStudioVersion = 15.0.28306.52
MinimumVisualStudioVersion = 10.0.40219.1
Project("{8BC9CEB8-8B4A-11D0-8D11-00A0C91BC942}") = "Project_Planet", "Project_Planet\Project_Planet.vcxproj", "{4696A13F-D074-4B76-9AB8-BB3B5EF731B2}"
EndProject
Global
	GlobalSection(SolutionConfigurationPlatforms) = preSolution
		Debug|x64 = Debug|x64
		Debug|x86 = Debug|x86
		Release|x64 = Release|x64
		Release|x86 = Release|x86
	EndGlobalSection
	GlobalSection(ProjectConfigurationPlatforms) = postSolution
		{4696A13F-D074-4B76-9AB8-BB3B5EF731B2}.Debug|x64.ActiveCfg = Debug|x64
		{4696A13F-D074-4B76-9AB8-BB3B5EF731B2}.Debug|x64.Build.0 = Debug|x64
		{4696A13F-D074-4B76-9AB8-BB3B5EF731B2}.Debug|x86.ActiveCfg = Debug|Win32
		{4696A13F-D074-4B76-9AB8-BB3B5EF731B2}.Debug|x86.Build.0 = Debug|Win32
		{4696A13F-D074-4B76-9AB8-BB3B5EF731B2}.Release|x64.ActiveCfg = Release|x64
		{4696A13F-D074-4B76-9AB8-BB3B5EF731B2}.Release|x64.Build.0 = Release|x64
		{4696A13F-D074-4B76-9AB8-BB3B5EF731B2}.Release|x86.ActiveCfg = Release|Win32
		{4696A13F-D074-4B76-9AB8-BB3B5EF731B2}.Release|x86.Build.0 = Release|Win32
	EndGlobalSection
	GlobalSection(SolutionProperties) = preSolution
		HideSolutionNode = FALSE
	EndGlobalSection
	GlobalSection(ExtensibilityGlobals) = postSolution
		SolutionGuid = {6979DE62-AEC9-4B8F-88E4-AF9422A3DEC2}
	EndGlobalSection
EndGlobal
